
Microsoft Visual Studio Solution File, Format Version 12.00
# Visual Studio Version 17
VisualStudioVersion = 17.4.33213.308
MinimumVisualStudioVersion = 10.0.40219.1
Project("{FAE04EC0-301F-11D3-BF4B-00C04F79EFBC}") = "LibreriaVirtualApi", "LibreriaVirtualApi.csproj", "{0D225B8B-C61E-449C-9ECF-49D26647A874}"
EndProject
Global
	GlobalSection(SolutionConfigurationPlatforms) = preSolution
		Debug|Any CPU = Debug|Any CPU
		Release|Any CPU = Release|Any CPU
	EndGlobalSection
	GlobalSection(ProjectConfigurationPlatforms) = postSolution
		{0D225B8B-C61E-449C-9ECF-49D26647A874}.Debug|Any CPU.ActiveCfg = Debug|Any CPU
		{0D225B8B-C61E-449C-9ECF-49D26647A874}.Debug|Any CPU.Build.0 = Debug|Any CPU
		{0D225B8B-C61E-449C-9ECF-49D26647A874}.Release|Any CPU.ActiveCfg = Release|Any CPU
		{0D225B8B-C61E-449C-9ECF-49D26647A874}.Release|Any CPU.Build.0 = Release|Any CPU
	EndGlobalSection
	GlobalSection(SolutionProperties) = preSolution
		HideSolutionNode = FALSE
	EndGlobalSection
	GlobalSection(ExtensibilityGlobals) = postSolution
		SolutionGuid = {06D05CC5-8AD5-44FC-B070-13B25D85A06A}
	EndGlobalSection
EndGlobal
